lockfileVersion: '9.0'

settings:
  autoInstallPeers: true
  excludeLinksFromLockfile: false

importers:

  .:
    devDependencies:
      '@types/node':
        specifier: ^24.0.0
        version: 24.13.3
      typescript:
        specifier: ^5.9.0
        version: 5.9.3

  packages/adapter-junit:
    dependencies:
      '@cruxci/core':
        specifier: workspace:*
        version: link:../core
      saxes:
        specifier: ^6.0.0
        version: 6.0.0

  packages/adapter-playwright:
    dependencies:
      '@cruxci/core':
        specifier: workspace:*
        version: link:../core

  packages/core: {}

  packages/corpus-tools:
    dependencies:
      '@cruxci/adapter-junit':
        specifier: workspace:*
        version: link:../adapter-junit
      '@cruxci/adapter-playwright':
        specifier: workspace:*
        version: link:../adapter-playwright
      '@cruxci/core':
        specifier: workspace:*
        version: link:../core
      '@cruxci/engine':
        specifier: workspace:*
        version: link:../engine
      fflate:
        specifier: ^0.8.3
        version: 0.8.3

  packages/engine:
    dependencies:
      '@cruxci/core':
        specifier: workspace:*
        version: link:../core
      '@noble/hashes':
        specifier: ^2.0.0
        version: 2.4.0

packages:

  '@noble/hashes@2.4.0':
    resolution: {integrity: sha512-X5XaVWZIBCT7HHZGm5I7ZQXDwLG+bGXuSrMQAW+7Zvl87h1kmc1ZB1VSRJcpUfoUrGQp4Fkoxm5kZ+Ms+aW+eA==}
    engines: {node: '>= 20.19.0'}

  '@types/node@24.13.3':
    resolution: {integrity: sha512-Dh8vAsV36ig5wa9OX4pXvMc9D3Veibfw2wix0CUwYODLD8nkj9UsLjASr49nPg+2eKzxhBV+v7L8pXvT4e639Q==}

  fflate@0.8.3:
    resolution: {integrity: sha512-tbZNuJrLwGUp3zshBtdy4W+ORxZuIh8a5ilyIEQDC5rY1f3U20JMry0Ll3WBzU58EZKsEuJFXhb5gwv8CsPvgA==}

  saxes@6.0.0:
    resolution: {integrity: sha512-xAg7SOnEhrm5zI3puOOKyy1OMcMlIJZYNJY7xLBwSze0UjhPLnWfj2GF2EpT0jmzaJKIWKHLsaSSajf35bcYnA==}
    engines: {node: '>=v12.22.7'}

  typescript@5.9.3:
    resolution: {integrity: sha512-jl1vZzPDinLr9eUt3J/t7V6FgNEw9QjvBPdysz9KfQDD41fQrC2Y4vKQdiaUpFT4bXlb1RHhLpp8wtm6M5TgSw==}
    engines: {node: '>=14.17'}
    hasBin: true

  undici-types@7.18.2:
    resolution: {integrity: sha512-AsuCzffGHJybSaRrmr5eHr81mwJU3kjw6M+uprWvCXiNeN9SOGwQ3Jn8jb8m3Z6izVgknn1R0FTCEAP2QrLY/w==}

  xmlchars@2.2.0:
    resolution: {integrity: sha512-JZnDKK8B0RCDw84FNdDAIpZK+JuJw+s7Lz8nksI7SIuU3UXJJslUthsi+uWBUYOwPFwW7W7PRLRfUKpxjtjFCw==}

snapshots:

  '@noble/hashes@2.4.0': {}

  '@types/node@24.13.3':
    dependencies:
      undici-types: 7.18.2

  fflate@0.8.3: {}

  saxes@6.0.0:
    dependencies:
      xmlchars: 2.2.0

  typescript@5.9.3: {}

  undici-types@7.18.2: {}

  xmlchars@2.2.0: {}
